
Microsoft Visual Studio Solution File, Format Version 12.00
# Visual Studio Version 17
VisualStudioVersion = 17.8.34511.84
MinimumVisualStudioVersion = 10.0.40219.1
Project("{FAE04EC0-301F-11D3-BF4B-00C04F79EFBC}") = "TextEventVisualizer", "TextEventVisualizer.csproj", "{3166D12A-74C6-4C04-B513-27C2ABBF4DDA}"
EndProject
Global
	GlobalSection(SolutionConfigurationPlatforms) = preSolution
		Debug|Any CPU = Debug|Any CPU
		Release|Any CPU = Release|Any CPU
	EndGlobalSection
	GlobalSection(ProjectConfigurationPlatforms) = postSolution
		{3166D12A-74C6-4C04-B513-27C2ABBF4DDA}.Debug|Any CPU.ActiveCfg = Debug|Any CPU
		{3166D12A-74C6-4C04-B513-27C2ABBF4DDA}.Debug|Any CPU.Build.0 = Debug|Any CPU
		{3166D12A-74C6-4C04-B513-27C2ABBF4DDA}.Release|Any CPU.ActiveCfg = Release|Any CPU
		{3166D12A-74C6-4C04-B513-27C2ABBF4DDA}.Release|Any CPU.Build.0 = Release|Any CPU
	EndGlobalSection
	GlobalSection(SolutionProperties) = preSolution
		HideSolutionNode = FALSE
	EndGlobalSection
	GlobalSection(ExtensibilityGlobals) = postSolution
		SolutionGuid = {5DC710A2-0FEA-4BDD-B506-3F3270270A36}
	EndGlobalSection
EndGlobal
